
Microsoft Visual Studio Solution File, Format Version 12.00
# Visual Studio Version 16
VisualStudioVersion = 16.0.31515.178
MinimumVisualStudioVersion = 10.0.40219.1
Project("{888888A0-9F3D-457C-B088-3A5042F75D52}") = "TemperatureConversion", "TemperatureConversion.pyproj", "{16AD8BE1-1370-4702-9DBA-667D838DDF12}"
EndProject
Global
	GlobalSection(SolutionConfigurationPlatforms) = preSolution
		Debug|Any CPU = Debug|Any CPU
		Release|Any CPU = Release|Any CPU
	EndGlobalSection
	GlobalSection(ProjectConfigurationPlatforms) = postSolution
		{16AD8BE1-1370-4702-9DBA-667D838DDF12}.Debug|Any CPU.ActiveCfg = Debug|Any CPU
		{16AD8BE1-1370-4702-9DBA-667D838DDF12}.Release|Any CPU.ActiveCfg = Release|Any CPU
	EndGlobalSection
	GlobalSection(SolutionProperties) = preSolution
		HideSolutionNode = FALSE
	EndGlobalSection
	GlobalSection(ExtensibilityGlobals) = postSolution
		SolutionGuid = {A049B2E0-4F1A-4C08-B07C-81EC2B659832}
	EndGlobalSection
EndGlobal
